
Microsoft Visual Studio Solution File, Format Version 12.00
# Visual Studio Version 16
VisualStudioVersion = 16.0.808.6
MinimumVisualStudioVersion = 10.0.40219.1
Project("{FAE04EC0-301F-11D3-BF4B-00C04F79EFBC}") = "SestoApp", "SestoApp.csproj", "{20BCEAAD-3EA8-453A-942F-001E8F47BE78}"
EndProject
Global
	GlobalSection(SolutionConfigurationPlatforms) = preSolution
		Debug|Any CPU = Debug|Any CPU
		Release|Any CPU = Release|Any CPU
	EndGlobalSection
	GlobalSection(ProjectConfigurationPlatforms) = postSolution
		{20BCEAAD-3EA8-453A-942F-001E8F47BE78}.Debug|Any CPU.ActiveCfg = Debug|Any CPU
		{20BCEAAD-3EA8-453A-942F-001E8F47BE78}.Debug|Any CPU.Build.0 = Debug|Any CPU
		{20BCEAAD-3EA8-453A-942F-001E8F47BE78}.Release|Any CPU.ActiveCfg = Release|Any CPU
		{20BCEAAD-3EA8-453A-942F-001E8F47BE78}.Release|Any CPU.Build.0 = Release|Any CPU
	EndGlobalSection
	GlobalSection(SolutionProperties) = preSolution
		HideSolutionNode = FALSE
	EndGlobalSection
	GlobalSection(ExtensibilityGlobals) = postSolution
		SolutionGuid = {B696262E-7AF2-4BA7-833A-15291A6BC361}
	EndGlobalSection
EndGlobal
